{
  "pins" : [
    {
      "identity" : "down",
      "kind" : "remoteSourceControl",
      "location" : "https://github.com/johnxnguyen/Down",
      "state" : {
        "revision" : "f34b166be1f1db4aa8f573067e901d72f2a6be57",
        "version" : "0.11.0"
      }
    },
    {
      "identity" : "iosmath",
      "kind" : "remoteSourceControl",
      "location" : "https://github.com/tophatmonocle/iosMath",
      "state" : {
        "revision" : "8c65dab2295100c02d9d844f6dc5646ab9d57b42",
        "version" : "1.1.2"
      }
    },
    {
      "identity" : "jgprogresshud",
      "kind" : "remoteSourceControl",
      "location" : "https://github.com/JonasGessner/JGProgressHUD",
      "state" : {
        "revision" : "78d7cd35f1d90ff74fd82e486f2cbe4b24be8cf9",
        "version" : "2.2.0"
      }
    },
    {
      "identity" : "richtextview",
      "kind" : "remoteSourceControl",
      "location" : "https://github.com/rsarv3006/RichTextView",
      "state" : {
        "revision" : "536d0851868e25da91abc586cc9fda6a032d37a6",
        "version" : "3.3.3"
      }
    },
    {
      "identity" : "snapkit",
      "kind" : "remoteSourceControl",
      "location" : "https://github.com/SnapKit/SnapKit",
      "state" : {
        "revision" : "2842e6e84e82eb9a8dac0100ca90d9444b0307f4",
        "version" : "5.7.1"
      }
    },
    {
      "identity" : "swiftrichstring",
      "kind" : "remoteSourceControl",
      "location" : "https://github.com/tophatmonocle/SwiftRichString",
      "state" : {
        "revision" : "fa126095c626354e1c4ffdf75bc7ad54aedd6b67",
        "version" : "3.7.7"
      }
    }
  ],
  "version" : 2
}
