// !$*UTF8*$!
{
	archiveVersion = 1;
	classes = {
	};
	objectVersion = 56;
	objects = {

/* Begin PBXBuildFile section */
		1B93B385364D75D7AB95B4BE /* InputTextView.swift in Sources */ = {isa = PBXBuildFile; fileRef = 1B93B32761510EE9EAE476B3 /* InputTextView.swift */; };
		1B93B46466E160C3B17C6FFF /* HomeScreenEquationCell.swift in Sources */ = {isa = PBXBuildFile; fileRef = 1B93BDFED1FDDD406181D6C0 /* HomeScreenEquationCell.swift */; };
		1B93B5C7072429215CD47FE7 /* HomeScreenEquationCellViewModel.swift in Sources */ = {isa = PBXBuildFile; fileRef = 1B93B58FA920392051E231F4 /* HomeScreenEquationCellViewModel.swift */; };
		1B93B903FA4AFCAC0064DACA /* Extensions.swift in Sources */ = {isa = PBXBuildFile; fileRef = 1B93B20034F3B54D044532E8 /* Extensions.swift */; };
		1B93BCFC5F388BA92C30F708 /* FieldValidInvalidProtocol.swift in Sources */ = {isa = PBXBuildFile; fileRef = 1B93B83DE18BB6502E396EA1 /* FieldValidInvalidProtocol.swift */; };
		7801EC212A11F671008DE671 /* AppDelegate.swift in Sources */ = {isa = PBXBuildFile; fileRef = 7801EC202A11F671008DE671 /* AppDelegate.swift */; };
		7801EC232A11F671008DE671 /* SceneDelegate.swift in Sources */ = {isa = PBXBuildFile; fileRef = 7801EC222A11F671008DE671 /* SceneDelegate.swift */; };
		7801EC252A11F671008DE671 /* ViewController.swift in Sources */ = {isa = PBXBuildFile; fileRef = 7801EC242A11F671008DE671 /* ViewController.swift */; };
		7801EC282A11F671008DE671 /* Main.storyboard in Resources */ = {isa = PBXBuildFile; fileRef = 7801EC262A11F671008DE671 /* Main.storyboard */; };
		7801EC2A2A11F672008DE671 /* Assets.xcassets in Resources */ = {isa = PBXBuildFile; fileRef = 7801EC292A11F672008DE671 /* Assets.xcassets */; };
		7801EC2D2A11F672008DE671 /* LaunchScreen.storyboard in Resources */ = {isa = PBXBuildFile; fileRef = 7801EC2B2A11F672008DE671 /* LaunchScreen.storyboard */; };
		7801EC382A11F672008DE671 /* RadioEquationsAppTests.swift in Sources */ = {isa = PBXBuildFile; fileRef = 7801EC372A11F672008DE671 /* RadioEquationsAppTests.swift */; };
		7801EC422A11F672008DE671 /* RadioEquationsAppUITests.swift in Sources */ = {isa = PBXBuildFile; fileRef = 7801EC412A11F672008DE671 /* RadioEquationsAppUITests.swift */; };
		7801EC442A11F672008DE671 /* RadioEquationsAppUITestsLaunchTests.swift in Sources */ = {isa = PBXBuildFile; fileRef = 7801EC432A11F672008DE671 /* RadioEquationsAppUITestsLaunchTests.swift */; };
		783103222A152BDA006EE253 /* EquationScreenTabBar.swift in Sources */ = {isa = PBXBuildFile; fileRef = 783103212A152BDA006EE253 /* EquationScreenTabBar.swift */; };
		783103242A15D39D006EE253 /* DescriptionTab.swift in Sources */ = {isa = PBXBuildFile; fileRef = 783103232A15D39D006EE253 /* DescriptionTab.swift */; };
		783103262A15D3C0006EE253 /* EquationTab.swift in Sources */ = {isa = PBXBuildFile; fileRef = 783103252A15D3C0006EE253 /* EquationTab.swift */; };
		783103282A17E9B8006EE253 /* EquationScreenTabBarViewModel.swift in Sources */ = {isa = PBXBuildFile; fileRef = 783103272A17E9B8006EE253 /* EquationScreenTabBarViewModel.swift */; };
		7831032C2A1966A1006EE253 /* DescriptionTabViewModel.swift in Sources */ = {isa = PBXBuildFile; fileRef = 7831032B2A1966A1006EE253 /* DescriptionTabViewModel.swift */; };
		7831032F2A196B44006EE253 /* ResistanceCurrentVoltageScreen.swift in Sources */ = {isa = PBXBuildFile; fileRef = 7831032E2A196B44006EE253 /* ResistanceCurrentVoltageScreen.swift */; };
		7833B82D2C0522CE00F27B33 /* ApparentPowerCurrentVoltageScreen.swift in Sources */ = {isa = PBXBuildFile; fileRef = 7833B82C2C0522CE00F27B33 /* ApparentPowerCurrentVoltageScreen.swift */; };
		7833B8312C05230900F27B33 /* ApparentPowerVoltageCurrentViewModel.swift in Sources */ = {isa = PBXBuildFile; fileRef = 7833B8302C05230900F27B33 /* ApparentPowerVoltageCurrentViewModel.swift */; };
		785B3C802A67416E000C3529 /* UIColor.extensions.swift in Sources */ = {isa = PBXBuildFile; fileRef = 785B3C7F2A67416E000C3529 /* UIColor.extensions.swift */; };
		785B3C832A6A5784000C3529 /* StoreKit.framework in Frameworks */ = {isa = PBXBuildFile; fileRef = 785B3C822A6A5784000C3529 /* StoreKit.framework */; };
		785B3C852A6A57C3000C3529 /* RadioEquations.storekit in Resources */ = {isa = PBXBuildFile; fileRef = 785B3C842A6A57C0000C3529 /* RadioEquations.storekit */; };
		785B3C872A6B3AAD000C3529 /* StoreKit.swift in Sources */ = {isa = PBXBuildFile; fileRef = 785B3C862A6B3AAD000C3529 /* StoreKit.swift */; };
		7895216E2C05F6C60059F64A /* RadioEquationsDataTests.swift in Sources */ = {isa = PBXBuildFile; fileRef = 7895216D2C05F6C60059F64A /* RadioEquationsDataTests.swift */; };
		7895216F2C05F6C60059F64A /* RadioEquationsData.h in Headers */ = {isa = PBXBuildFile; fileRef = 789521612C05F6C60059F64A /* RadioEquationsData.h */; settings = {ATTRIBUTES = (Public, ); }; };
		789521722C05F6C60059F64A /* RadioEquationsData.framework in Frameworks */ = {isa = PBXBuildFile; fileRef = 7895215F2C05F6C60059F64A /* RadioEquationsData.framework */; };
		789521732C05F6C60059F64A /* RadioEquationsData.framework in Embed Frameworks */ = {isa = PBXBuildFile; fileRef = 7895215F2C05F6C60059F64A /* RadioEquationsData.framework */; settings = {ATTRIBUTES = (CodeSignOnCopy, RemoveHeadersOnCopy, ); }; };
		7895217C2C05F6E00059F64A /* CalculationUtilsProtocol.swift in Sources */ = {isa = PBXBuildFile; fileRef = 7895217B2C05F6E00059F64A /* CalculationUtilsProtocol.swift */; };
		7895217D2C05F6FF0059F64A /* EquationId.swift in Sources */ = {isa = PBXBuildFile; fileRef = 783103302A1970E5006EE253 /* EquationId.swift */; };
		7895217E2C05F6FF0059F64A /* Equation.swift in Sources */ = {isa = PBXBuildFile; fileRef = 1B93B30864EC4E50C2DB00FC /* Equation.swift */; };
		7895217F2C05F6FF0059F64A /* EquationFilterVariant.swift in Sources */ = {isa = PBXBuildFile; fileRef = 785B3C882A6CCDDA000C3529 /* EquationFilterVariant.swift */; };
		789521802C05F6FF0059F64A /* EquationList.swift in Sources */ = {isa = PBXBuildFile; fileRef = 783103292A17EC9E006EE253 /* EquationList.swift */; };
		789521822C05F7130059F64A /* EquationDescriptionStrings.swift in Sources */ = {isa = PBXBuildFile; fileRef = 789521812C05F7130059F64A /* EquationDescriptionStrings.swift */; };
		789521852C05F7620059F64A /* EquationTableSectionModel.swift in Sources */ = {isa = PBXBuildFile; fileRef = 789521842C05F7620059F64A /* EquationTableSectionModel.swift */; };
		7895218A2C05FAAC0059F64A /* ImpedanceUtilsTests.swift in Sources */ = {isa = PBXBuildFile; fileRef = 78D07F572C017C340078DD8A /* ImpedanceUtilsTests.swift */; };
		7895218B2C05FAAC0059F64A /* AntennaGainUtilsTestSuite.swift in Sources */ = {isa = PBXBuildFile; fileRef = 7896CFD22AF8949E00B40370 /* AntennaGainUtilsTestSuite.swift */; };
		7895218C2C05FAAC0059F64A /* RoundingTests.swift in Sources */ = {isa = PBXBuildFile; fileRef = 7896CFC62AF7DDBF00B40370 /* RoundingTests.swift */; };
		789521902C0621F00059F64A /* RadioEquationsData.framework in Frameworks */ = {isa = PBXBuildFile; fileRef = 7895215F2C05F6C60059F64A /* RadioEquationsData.framework */; };
		789521932C0622510059F64A /* AntennaGainUtils.swift in Sources */ = {isa = PBXBuildFile; fileRef = 7896CFCF2AF8935000B40370 /* AntennaGainUtils.swift */; };
		789521942C0622560059F64A /* ImpedanceUtils.swift in Sources */ = {isa = PBXBuildFile; fileRef = 78D07F512BFFF2CB0078DD8A /* ImpedanceUtils.swift */; };
		789521952C0622590059F64A /* ApparentPowerCurrentVoltageUtils.swift in Sources */ = {isa = PBXBuildFile; fileRef = 7833B82E2C0522F000F27B33 /* ApparentPowerCurrentVoltageUtils.swift */; };
		789521962C06225E0059F64A /* Double.swift in Sources */ = {isa = PBXBuildFile; fileRef = 7896CFC42AF767B000B40370 /* Double.swift */; };
		7896CFCC2AF81CA000B40370 /* AntennaGainScreen.swift in Sources */ = {isa = PBXBuildFile; fileRef = 7896CFCB2AF81CA000B40370 /* AntennaGainScreen.swift */; };
		7896CFCE2AF81CAD00B40370 /* AntennaGainViewModel.swift in Sources */ = {isa = PBXBuildFile; fileRef = 7896CFCD2AF81CAD00B40370 /* AntennaGainViewModel.swift */; };
		789FD7C42A1B9D56001E2DB8 /* ResistanceCurrentVoltageViewModel.swift in Sources */ = {isa = PBXBuildFile; fileRef = 789FD7C32A1B9D56001E2DB8 /* ResistanceCurrentVoltageViewModel.swift */; };
		78A43CC22A1EA88800293045 /* PowerVoltageCurrentScreen.swift in Sources */ = {isa = PBXBuildFile; fileRef = 78A43CC12A1EA88800293045 /* PowerVoltageCurrentScreen.swift */; };
		78A43CC42A1EA9A700293045 /* PowerVoltageCurrentViewModel.swift in Sources */ = {isa = PBXBuildFile; fileRef = 78A43CC32A1EA9A700293045 /* PowerVoltageCurrentViewModel.swift */; };
		78A43CC62A1EBFEE00293045 /* PowerVoltageCurrentFieldTag.swift in Sources */ = {isa = PBXBuildFile; fileRef = 78A43CC52A1EBFEE00293045 /* PowerVoltageCurrentFieldTag.swift */; };
		78A43CC82A20DFF600293045 /* CalculationTextField.swift in Sources */ = {isa = PBXBuildFile; fileRef = 78A43CC72A20DFF600293045 /* CalculationTextField.swift */; };
		78A43CCA2A244EFC00293045 /* CalculationFieldStackView.swift in Sources */ = {isa = PBXBuildFile; fileRef = 78A43CC92A244EFC00293045 /* CalculationFieldStackView.swift */; };
		78B3C6E12A5E0848003F0FB6 /* RichTextView in Frameworks */ = {isa = PBXBuildFile; productRef = 78B3C6E02A5E0848003F0FB6 /* RichTextView */; };
		78B3C6E62A5E7C54003F0FB6 /* PowerCurrentResistanceViewModel.swift in Sources */ = {isa = PBXBuildFile; fileRef = 78B3C6E52A5E7C54003F0FB6 /* PowerCurrentResistanceViewModel.swift */; };
		78B3C6E82A5F55D7003F0FB6 /* PowerCurrentResistanceScreen.swift in Sources */ = {isa = PBXBuildFile; fileRef = 78B3C6E72A5F55D7003F0FB6 /* PowerCurrentResistanceScreen.swift */; };
		78B3C6EB2A5FA751003F0FB6 /* VoltagePowerResistanceViewModel.swift in Sources */ = {isa = PBXBuildFile; fileRef = 78B3C6EA2A5FA751003F0FB6 /* VoltagePowerResistanceViewModel.swift */; };
		78B3C6ED2A5FB53B003F0FB6 /* VoltagePowerResistanceScreen.swift in Sources */ = {isa = PBXBuildFile; fileRef = 78B3C6EC2A5FB53B003F0FB6 /* VoltagePowerResistanceScreen.swift */; };
		78B3C6F02A649DD9003F0FB6 /* SettingsScreen.swift in Sources */ = {isa = PBXBuildFile; fileRef = 78B3C6EF2A649DD9003F0FB6 /* SettingsScreen.swift */; };
		78B3C6F22A649E4B003F0FB6 /* SettingsViewModel.swift in Sources */ = {isa = PBXBuildFile; fileRef = 78B3C6F12A649E4B003F0FB6 /* SettingsViewModel.swift */; };
		78B3C6F42A64F365003F0FB6 /* ObfuscateSupportEmail.swift in Sources */ = {isa = PBXBuildFile; fileRef = 78B3C6F32A64F365003F0FB6 /* ObfuscateSupportEmail.swift */; };
		78B3C6F72A65F251003F0FB6 /* LegalScreen.swift in Sources */ = {isa = PBXBuildFile; fileRef = 78B3C6F62A65F251003F0FB6 /* LegalScreen.swift */; };
		78B3C6F92A65F2C8003F0FB6 /* LegalScreenVM.swift in Sources */ = {isa = PBXBuildFile; fileRef = 78B3C6F82A65F2C8003F0FB6 /* LegalScreenVM.swift */; };
		78D07F542BFFF2CB0078DD8A /* ImpedanceScreen.swift in Sources */ = {isa = PBXBuildFile; fileRef = 78D07F502BFFF2CB0078DD8A /* ImpedanceScreen.swift */; };
		78D07F562BFFF2CB0078DD8A /* ImpedanceViewModel.swift in Sources */ = {isa = PBXBuildFile; fileRef = 78D07F522BFFF2CB0078DD8A /* ImpedanceViewModel.swift */; };
		78E6B2592A13257800581D06 /* JGProgressHUD in Frameworks */ = {isa = PBXBuildFile; productRef = 78E6B2582A13257800581D06 /* JGProgressHUD */; };
/* End PBXBuildFile section */

/* Begin PBXContainerItemProxy section */
		7801EC342A11F672008DE671 /* PBXContainerItemProxy */ = {
			isa = PBXContainerItemProxy;
			containerPortal = 7801EC152A11F671008DE671 /* Project object */;
			proxyType = 1;
			remoteGlobalIDString = 7801EC1C2A11F671008DE671;
			remoteInfo = RadioEquationsApp;
		};
		7801EC3E2A11F672008DE671 /* PBXContainerItemProxy */ = {
			isa = PBXContainerItemProxy;
			containerPortal = 7801EC152A11F671008DE671 /* Project object */;
			proxyType = 1;
			remoteGlobalIDString = 7801EC1C2A11F671008DE671;
			remoteInfo = RadioEquationsApp;
		};
		789521682C05F6C60059F64A /* PBXContainerItemProxy */ = {
			isa = PBXContainerItemProxy;
			containerPortal = 7801EC152A11F671008DE671 /* Project object */;
			proxyType = 1;
			remoteGlobalIDString = 7895215E2C05F6C60059F64A;
			remoteInfo = RadioEquationsData;
		};
		7895216A2C05F6C60059F64A /* PBXContainerItemProxy */ = {
			isa = PBXContainerItemProxy;
			containerPortal = 7801EC152A11F671008DE671 /* Project object */;
			proxyType = 1;
			remoteGlobalIDString = 7801EC1C2A11F671008DE671;
			remoteInfo = RadioEquationsApp;
		};
		789521702C05F6C60059F64A /* PBXContainerItemProxy */ = {
			isa = PBXContainerItemProxy;
			containerPortal = 7801EC152A11F671008DE671 /* Project object */;
			proxyType = 1;
			remoteGlobalIDString = 7895215E2C05F6C60059F64A;
			remoteInfo = RadioEquationsData;
		};
/* End PBXContainerItemProxy section */

/* Begin PBXCopyFilesBuildPhase section */
		789521742C05F6C60059F64A /* Embed Frameworks */ = {
			isa = PBXCopyFilesBuildPhase;
			buildActionMask = 2147483647;
			dstPath = "";
			dstSubfolderSpec = 10;
			files = (
				789521732C05F6C60059F64A /* RadioEquationsData.framework in Embed Frameworks */,
			);
			name = "Embed Frameworks";
			runOnlyForDeploymentPostprocessing = 0;
		};
/* End PBXCopyFilesBuildPhase section */

/* Begin PBXFileReference section */
		1B93B20034F3B54D044532E8 /* Extensions.swift */ = {isa = PBXFileReference; fileEncoding = 4; lastKnownFileType = sourcecode.swift; path = Extensions.swift; sourceTree = "<group>"; };
		1B93B30864EC4E50C2DB00FC /* Equation.swift */ = {isa = PBXFileReference; fileEncoding = 4; lastKnownFileType = sourcecode.swift; path = Equation.swift; sourceTree = "<group>"; };
		1B93B32761510EE9EAE476B3 /* InputTextView.swift */ = {isa = PBXFileReference; fileEncoding = 4; lastKnownFileType = sourcecode.swift; path = InputTextView.swift; sourceTree = "<group>"; };
		1B93B58FA920392051E231F4 /* HomeScreenEquationCellViewModel.swift */ = {isa = PBXFileReference; fileEncoding = 4; lastKnownFileType = sourcecode.swift; path = HomeScreenEquationCellViewModel.swift; sourceTree = "<group>"; };
		1B93B83DE18BB6502E396EA1 /* FieldValidInvalidProtocol.swift */ = {isa = PBXFileReference; fileEncoding = 4; lastKnownFileType = sourcecode.swift; path = FieldValidInvalidProtocol.swift; sourceTree = "<group>"; };
		1B93BDFED1FDDD406181D6C0 /* HomeScreenEquationCell.swift */ = {isa = PBXFileReference; fileEncoding = 4; lastKnownFileType = sourcecode.swift; path = HomeScreenEquationCell.swift; sourceTree = "<group>"; };
		7801EC1D2A11F671008DE671 /* RadioEquationsApp.app */ = {isa = PBXFileReference; explicitFileType = wrapper.application; includeInIndex = 0; path = RadioEquationsApp.app; sourceTree = BUILT_PRODUCTS_DIR; };
		7801EC202A11F671008DE671 /* AppDelegate.swift */ = {isa = PBXFileReference; lastKnownFileType = sourcecode.swift; path = AppDelegate.swift; sourceTree = "<group>"; };
		7801EC222A11F671008DE671 /* SceneDelegate.swift */ = {isa = PBXFileReference; lastKnownFileType = sourcecode.swift; path = SceneDelegate.swift; sourceTree = "<group>"; };
		7801EC242A11F671008DE671 /* ViewController.swift */ = {isa = PBXFileReference; lastKnownFileType = sourcecode.swift; path = ViewController.swift; sourceTree = "<group>"; };
		7801EC272A11F671008DE671 /* Base */ = {isa = PBXFileReference; lastKnownFileType = file.storyboard; name = Base; path = Base.lproj/Main.storyboard; sourceTree = "<group>"; };
		7801EC292A11F672008DE671 /* Assets.xcassets */ = {isa = PBXFileReference; lastKnownFileType = folder.assetcatalog; path = Assets.xcassets; sourceTree = "<group>"; };
		7801EC2C2A11F672008DE671 /* Base */ = {isa = PBXFileReference; lastKnownFileType = file.storyboard; name = Base; path = Base.lproj/LaunchScreen.storyboard; sourceTree = "<group>"; };
		7801EC2E2A11F672008DE671 /* Info.plist */ = {isa = PBXFileReference; lastKnownFileType = text.plist.xml; path = Info.plist; sourceTree = "<group>"; };
		7801EC332A11F672008DE671 /* RadioEquationsAppTests.xctest */ = {isa = PBXFileReference; explicitFileType = wrapper.cfbundle; includeInIndex = 0; path = RadioEquationsAppTests.xctest; sourceTree = BUILT_PRODUCTS_DIR; };
		7801EC372A11F672008DE671 /* RadioEquationsAppTests.swift */ = {isa = PBXFileReference; lastKnownFileType = sourcecode.swift; path = RadioEquationsAppTests.swift; sourceTree = "<group>"; };
		7801EC3D2A11F672008DE671 /* RadioEquationsAppUITests.xctest */ = {isa = PBXFileReference; explicitFileType = wrapper.cfbundle; includeInIndex = 0; path = RadioEquationsAppUITests.xctest; sourceTree = BUILT_PRODUCTS_DIR; };
		7801EC412A11F672008DE671 /* RadioEquationsAppUITests.swift */ = {isa = PBXFileReference; lastKnownFileType = sourcecode.swift; path = RadioEquationsAppUITests.swift; sourceTree = "<group>"; };
		7801EC432A11F672008DE671 /* RadioEquationsAppUITestsLaunchTests.swift */ = {isa = PBXFileReference; lastKnownFileType = sourcecode.swift; path = RadioEquationsAppUITestsLaunchTests.swift; sourceTree = "<group>"; };
		783103212A152BDA006EE253 /* EquationScreenTabBar.swift */ = {isa = PBXFileReference; lastKnownFileType = sourcecode.swift; path = EquationScreenTabBar.swift; sourceTree = "<group>"; };
		783103232A15D39D006EE253 /* DescriptionTab.swift */ = {isa = PBXFileReference; lastKnownFileType = sourcecode.swift; path = DescriptionTab.swift; sourceTree = "<group>"; };
		783103252A15D3C0006EE253 /* EquationTab.swift */ = {isa = PBXFileReference; lastKnownFileType = sourcecode.swift; path = EquationTab.swift; sourceTree = "<group>"; };
		783103272A17E9B8006EE253 /* EquationScreenTabBarViewModel.swift */ = {isa = PBXFileReference; lastKnownFileType = sourcecode.swift; path = EquationScreenTabBarViewModel.swift; sourceTree = "<group>"; };
		783103292A17EC9E006EE253 /* EquationList.swift */ = {isa = PBXFileReference; lastKnownFileType = sourcecode.swift; path = EquationList.swift; sourceTree = "<group>"; };
		7831032B2A1966A1006EE253 /* DescriptionTabViewModel.swift */ = {isa = PBXFileReference; lastKnownFileType = sourcecode.swift; path = DescriptionTabViewModel.swift; sourceTree = "<group>"; };
		7831032E2A196B44006EE253 /* ResistanceCurrentVoltageScreen.swift */ = {isa = PBXFileReference; lastKnownFileType = sourcecode.swift; path = ResistanceCurrentVoltageScreen.swift; sourceTree = "<group>"; };
		783103302A1970E5006EE253 /* EquationId.swift */ = {isa = PBXFileReference; lastKnownFileType = sourcecode.swift; path = EquationId.swift; sourceTree = "<group>"; };
		7833B82C2C0522CE00F27B33 /* ApparentPowerCurrentVoltageScreen.swift */ = {isa = PBXFileReference; fileEncoding = 4; lastKnownFileType = sourcecode.swift; name = ApparentPowerCurrentVoltageScreen.swift; path = RadioEquationsApp/EquationScreen/CalculationScreens/ApparentPowerVoltageCurrent/ApparentPowerCurrentVoltageScreen.swift; sourceTree = SOURCE_ROOT; };
		7833B82E2C0522F000F27B33 /* ApparentPowerCurrentVoltageUtils.swift */ = {isa = PBXFileReference; fileEncoding = 4; lastKnownFileType = sourcecode.swift; name = ApparentPowerCurrentVoltageUtils.swift; path = RadioEquationsData/Utils/ApparentPowerCurrentVoltageUtils.swift; sourceTree = SOURCE_ROOT; };
		7833B8302C05230900F27B33 /* ApparentPowerVoltageCurrentViewModel.swift */ = {isa = PBXFileReference; fileEncoding = 4; lastKnownFileType = sourcecode.swift; path = ApparentPowerVoltageCurrentViewModel.swift; sourceTree = "<group>"; };
		785B3C7F2A67416E000C3529 /* UIColor.extensions.swift */ = {isa = PBXFileReference; lastKnownFileType = sourcecode.swift; path = UIColor.extensions.swift; sourceTree = "<group>"; };
		785B3C822A6A5784000C3529 /* StoreKit.framework */ = {isa = PBXFileReference; lastKnownFileType = wrapper.framework; name = StoreKit.framework; path = System/Library/Frameworks/StoreKit.framework; sourceTree = SDKROOT; };
		785B3C842A6A57C0000C3529 /* RadioEquations.storekit */ = {isa = PBXFileReference; lastKnownFileType = text; path = RadioEquations.storekit; sourceTree = "<group>"; };
		785B3C862A6B3AAD000C3529 /* StoreKit.swift */ = {isa = PBXFileReference; lastKnownFileType = sourcecode.swift; path = StoreKit.swift; sourceTree = "<group>"; };
		785B3C882A6CCDDA000C3529 /* EquationFilterVariant.swift */ = {isa = PBXFileReference; lastKnownFileType = sourcecode.swift; path = EquationFilterVariant.swift; sourceTree = "<group>"; };
		7895215F2C05F6C60059F64A /* RadioEquationsData.framework */ = {isa = PBXFileReference; explicitFileType = wrapper.framework; includeInIndex = 0; path = RadioEquationsData.framework; sourceTree = BUILT_PRODUCTS_DIR; };
		789521612C05F6C60059F64A /* RadioEquationsData.h */ = {isa = PBXFileReference; lastKnownFileType = sourcecode.c.h; path = RadioEquationsData.h; sourceTree = "<group>"; };
		789521662C05F6C60059F64A /* RadioEquationsDataTests.xctest */ = {isa = PBXFileReference; explicitFileType = wrapper.cfbundle; includeInIndex = 0; path = RadioEquationsDataTests.xctest; sourceTree = BUILT_PRODUCTS_DIR; };
		7895216D2C05F6C60059F64A /* RadioEquationsDataTests.swift */ = {isa = PBXFileReference; lastKnownFileType = sourcecode.swift; path = RadioEquationsDataTests.swift; sourceTree = "<group>"; };
		7895217B2C05F6E00059F64A /* CalculationUtilsProtocol.swift */ = {isa = PBXFileReference; lastKnownFileType = sourcecode.swift; path = CalculationUtilsProtocol.swift; sourceTree = "<group>"; };
		789521812C05F7130059F64A /* EquationDescriptionStrings.swift */ = {isa = PBXFileReference; lastKnownFileType = sourcecode.swift; path = EquationDescriptionStrings.swift; sourceTree = "<group>"; };
		789521842C05F7620059F64A /* EquationTableSectionModel.swift */ = {isa = PBXFileReference; lastKnownFileType = sourcecode.swift; path = EquationTableSectionModel.swift; sourceTree = "<group>"; };
		7896CFC42AF767B000B40370 /* Double.swift */ = {isa = PBXFileReference; lastKnownFileType = sourcecode.swift; path = Double.swift; sourceTree = "<group>"; };
		7896CFC62AF7DDBF00B40370 /* RoundingTests.swift */ = {isa = PBXFileReference; lastKnownFileType = sourcecode.swift; path = RoundingTests.swift; sourceTree = "<group>"; };
		7896CFC82AF7E27000B40370 /* RadioEquationsApp.xctestplan */ = {isa = PBXFileReference; lastKnownFileType = text; path = RadioEquationsApp.xctestplan; sourceTree = "<group>"; };
		7896CFCB2AF81CA000B40370 /* AntennaGainScreen.swift */ = {isa = PBXFileReference; lastKnownFileType = sourcecode.swift; path = AntennaGainScreen.swift; sourceTree = "<group>"; };
		7896CFCD2AF81CAD00B40370 /* AntennaGainViewModel.swift */ = {isa = PBXFileReference; lastKnownFileType = sourcecode.swift; path = AntennaGainViewModel.swift; sourceTree = "<group>"; };
		7896CFCF2AF8935000B40370 /* AntennaGainUtils.swift */ = {isa = PBXFileReference; lastKnownFileType = sourcecode.swift; path = AntennaGainUtils.swift; sourceTree = "<group>"; };
		7896CFD22AF8949E00B40370 /* AntennaGainUtilsTestSuite.swift */ = {isa = PBXFileReference; lastKnownFileType = sourcecode.swift; path = AntennaGainUtilsTestSuite.swift; sourceTree = "<group>"; };
		789FD7C32A1B9D56001E2DB8 /* ResistanceCurrentVoltageViewModel.swift */ = {isa = PBXFileReference; lastKnownFileType = sourcecode.swift; path = ResistanceCurrentVoltageViewModel.swift; sourceTree = "<group>"; };
		78A43CC12A1EA88800293045 /* PowerVoltageCurrentScreen.swift */ = {isa = PBXFileReference; lastKnownFileType = sourcecode.swift; path = PowerVoltageCurrentScreen.swift; sourceTree = "<group>"; };
		78A43CC32A1EA9A700293045 /* PowerVoltageCurrentViewModel.swift */ = {isa = PBXFileReference; lastKnownFileType = sourcecode.swift; path = PowerVoltageCurrentViewModel.swift; sourceTree = "<group>"; };
		78A43CC52A1EBFEE00293045 /* PowerVoltageCurrentFieldTag.swift */ = {isa = PBXFileReference; lastKnownFileType = sourcecode.swift; path = PowerVoltageCurrentFieldTag.swift; sourceTree = "<group>"; };
		78A43CC72A20DFF600293045 /* CalculationTextField.swift */ = {isa = PBXFileReference; lastKnownFileType = sourcecode.swift; path = CalculationTextField.swift; sourceTree = "<group>"; };
		78A43CC92A244EFC00293045 /* CalculationFieldStackView.swift */ = {isa = PBXFileReference; lastKnownFileType = sourcecode.swift; path = CalculationFieldStackView.swift; sourceTree = "<group>"; };
		78B3C6E52A5E7C54003F0FB6 /* PowerCurrentResistanceViewModel.swift */ = {isa = PBXFileReference; lastKnownFileType = sourcecode.swift; path = PowerCurrentResistanceViewModel.swift; sourceTree = "<group>"; };
		78B3C6E72A5F55D7003F0FB6 /* PowerCurrentResistanceScreen.swift */ = {isa = PBXFileReference; lastKnownFileType = sourcecode.swift; path = PowerCurrentResistanceScreen.swift; sourceTree = "<group>"; };
		78B3C6EA2A5FA751003F0FB6 /* VoltagePowerResistanceViewModel.swift */ = {isa = PBXFileReference; lastKnownFileType = sourcecode.swift; path = VoltagePowerResistanceViewModel.swift; sourceTree = "<group>"; };
		78B3C6EC2A5FB53B003F0FB6 /* VoltagePowerResistanceScreen.swift */ = {isa = PBXFileReference; lastKnownFileType = sourcecode.swift; path = VoltagePowerResistanceScreen.swift; sourceTree = "<group>"; };
		78B3C6EF2A649DD9003F0FB6 /* SettingsScreen.swift */ = {isa = PBXFileReference; lastKnownFileType = sourcecode.swift; path = SettingsScreen.swift; sourceTree = "<group>"; };
		78B3C6F12A649E4B003F0FB6 /* SettingsViewModel.swift */ = {isa = PBXFileReference; lastKnownFileType = sourcecode.swift; path = SettingsViewModel.swift; sourceTree = "<group>"; };
		78B3C6F32A64F365003F0FB6 /* ObfuscateSupportEmail.swift */ = {isa = PBXFileReference; lastKnownFileType = sourcecode.swift; path = ObfuscateSupportEmail.swift; sourceTree = "<group>"; };
		78B3C6F62A65F251003F0FB6 /* LegalScreen.swift */ = {isa = PBXFileReference; lastKnownFileType = sourcecode.swift; path = LegalScreen.swift; sourceTree = "<group>"; };
		78B3C6F82A65F2C8003F0FB6 /* LegalScreenVM.swift */ = {isa = PBXFileReference; lastKnownFileType = sourcecode.swift; path = LegalScreenVM.swift; sourceTree = "<group>"; };
		78D07F502BFFF2CB0078DD8A /* ImpedanceScreen.swift */ = {isa = PBXFileReference; fileEncoding = 4; lastKnownFileType = sourcecode.swift; path = ImpedanceScreen.swift; sourceTree = "<group>"; };
		78D07F512BFFF2CB0078DD8A /* ImpedanceUtils.swift */ = {isa = PBXFileReference; fileEncoding = 4; lastKnownFileType = sourcecode.swift; path = ImpedanceUtils.swift; sourceTree = "<group>"; };
		78D07F522BFFF2CB0078DD8A /* ImpedanceViewModel.swift */ = {isa = PBXFileReference; fileEncoding = 4; lastKnownFileType = sourcecode.swift; path = ImpedanceViewModel.swift; sourceTree = "<group>"; };
		78D07F572C017C340078DD8A /* ImpedanceUtilsTests.swift */ = {isa = PBXFileReference; lastKnownFileType = sourcecode.swift; path = ImpedanceUtilsTests.swift; sourceTree = "<group>"; };
/* End PBXFileReference section */

/* Begin PBXFrameworksBuildPhase section */
		7801EC1A2A11F671008DE671 /* Frameworks */ = {
			isa = PBXFrameworksBuildPhase;
			buildActionMask = 2147483647;
			files = (
				785B3C832A6A5784000C3529 /* StoreKit.framework in Frameworks */,
				78B3C6E12A5E0848003F0FB6 /* RichTextView in Frameworks */,
				789521722C05F6C60059F64A /* RadioEquationsData.framework in Frameworks */,
				78E6B2592A13257800581D06 /* JGProgressHUD in Frameworks */,
			);
			runOnlyForDeploymentPostprocessing = 0;
		};
		7801EC302A11F672008DE671 /* Frameworks */ = {
			isa = PBXFrameworksBuildPhase;
			buildActionMask = 2147483647;
			files = (
			);
			runOnlyForDeploymentPostprocessing = 0;
		};
		7801EC3A2A11F672008DE671 /* Frameworks */ = {
			isa = PBXFrameworksBuildPhase;
			buildActionMask = 2147483647;
			files = (
			);
			runOnlyForDeploymentPostprocessing = 0;
		};
		7895215C2C05F6C60059F64A /* Frameworks */ = {
			isa = PBXFrameworksBuildPhase;
			buildActionMask = 2147483647;
			files = (
			);
			runOnlyForDeploymentPostprocessing = 0;
		};
		789521632C05F6C60059F64A /* Frameworks */ = {
			isa = PBXFrameworksBuildPhase;
			buildActionMask = 2147483647;
			files = (
				789521902C0621F00059F64A /* RadioEquationsData.framework in Frameworks */,
			);
			runOnlyForDeploymentPostprocessing = 0;
		};
/* End PBXFrameworksBuildPhase section */

/* Begin PBXGroup section */
		1B93B783A62CAA6D59FDBE77 /* HomeScreen */ = {
			isa = PBXGroup;
			children = (
				1B93BDFED1FDDD406181D6C0 /* HomeScreenEquationCell.swift */,
				1B93B58FA920392051E231F4 /* HomeScreenEquationCellViewModel.swift */,
			);
			path = HomeScreen;
			sourceTree = "<group>";
		};
		1B93BB91AA052624D305900B /* Models */ = {
			isa = PBXGroup;
			children = (
				78A43CC52A1EBFEE00293045 /* PowerVoltageCurrentFieldTag.swift */,
			);
			path = Models;
			sourceTree = "<group>";
		};
		1B93BF855CE2A3CE55D8D873 /* Utils */ = {
			isa = PBXGroup;
			children = (
				1B93B20034F3B54D044532E8 /* Extensions.swift */,
				1B93B32761510EE9EAE476B3 /* InputTextView.swift */,
				1B93BFC198F1074F741CBB5B /* Protocols */,
				78A43CC72A20DFF600293045 /* CalculationTextField.swift */,
				78A43CC92A244EFC00293045 /* CalculationFieldStackView.swift */,
				785B3C7F2A67416E000C3529 /* UIColor.extensions.swift */,
			);
			path = Utils;
			sourceTree = "<group>";
		};
		1B93BFC198F1074F741CBB5B /* Protocols */ = {
			isa = PBXGroup;
			children = (
				1B93B83DE18BB6502E396EA1 /* FieldValidInvalidProtocol.swift */,
			);
			path = Protocols;
			sourceTree = "<group>";
		};
		7801EC142A11F671008DE671 = {
			isa = PBXGroup;
			children = (
				7896CFC82AF7E27000B40370 /* RadioEquationsApp.xctestplan */,
				785B3C862A6B3AAD000C3529 /* StoreKit.swift */,
				785B3C842A6A57C0000C3529 /* RadioEquations.storekit */,
				7801EC1F2A11F671008DE671 /* RadioEquationsApp */,
				7801EC362A11F672008DE671 /* RadioEquationsAppTests */,
				7801EC402A11F672008DE671 /* RadioEquationsAppUITests */,
				789521602C05F6C60059F64A /* RadioEquationsData */,
				7895216C2C05F6C60059F64A /* RadioEquationsDataTests */,
				7801EC1E2A11F671008DE671 /* Products */,
				785B3C812A6A5784000C3529 /* Frameworks */,
			);
			sourceTree = "<group>";
		};
		7801EC1E2A11F671008DE671 /* Products */ = {
			isa = PBXGroup;
			children = (
				7801EC1D2A11F671008DE671 /* RadioEquationsApp.app */,
				7801EC332A11F672008DE671 /* RadioEquationsAppTests.xctest */,
				7801EC3D2A11F672008DE671 /* RadioEquationsAppUITests.xctest */,
				7895215F2C05F6C60059F64A /* RadioEquationsData.framework */,
				789521662C05F6C60059F64A /* RadioEquationsDataTests.xctest */,
			);
			name = Products;
			sourceTree = "<group>";
		};
		7801EC1F2A11F671008DE671 /* RadioEquationsApp */ = {
			isa = PBXGroup;
			children = (
				78B3C6EE2A649DC8003F0FB6 /* SettingsScreen */,
				783103202A15293A006EE253 /* EquationScreen */,
				7801EC202A11F671008DE671 /* AppDelegate.swift */,
				7801EC222A11F671008DE671 /* SceneDelegate.swift */,
				7801EC242A11F671008DE671 /* ViewController.swift */,
				7801EC262A11F671008DE671 /* Main.storyboard */,
				7801EC292A11F672008DE671 /* Assets.xcassets */,
				7801EC2B2A11F672008DE671 /* LaunchScreen.storyboard */,
				7801EC2E2A11F672008DE671 /* Info.plist */,
				1B93BF855CE2A3CE55D8D873 /* Utils */,
				1B93B783A62CAA6D59FDBE77 /* HomeScreen */,
				1B93BB91AA052624D305900B /* Models */,
			);
			path = RadioEquationsApp;
			sourceTree = "<group>";
		};
		7801EC362A11F672008DE671 /* RadioEquationsAppTests */ = {
			isa = PBXGroup;
			children = (
				7801EC372A11F672008DE671 /* RadioEquationsAppTests.swift */,
			);
			path = RadioEquationsAppTests;
			sourceTree = "<group>";
		};
		7801EC402A11F672008DE671 /* RadioEquationsAppUITests */ = {
			isa = PBXGroup;
			children = (
				7801EC412A11F672008DE671 /* RadioEquationsAppUITests.swift */,
				7801EC432A11F672008DE671 /* RadioEquationsAppUITestsLaunchTests.swift */,
			);
			path = RadioEquationsAppUITests;
			sourceTree = "<group>";
		};
		783103202A15293A006EE253 /* EquationScreen */ = {
			isa = PBXGroup;
			children = (
				7831032D2A196B1F006EE253 /* CalculationScreens */,
				783103232A15D39D006EE253 /* DescriptionTab.swift */,
				783103252A15D3C0006EE253 /* EquationTab.swift */,
				783103272A17E9B8006EE253 /* EquationScreenTabBarViewModel.swift */,
				783103212A152BDA006EE253 /* EquationScreenTabBar.swift */,
				7831032B2A1966A1006EE253 /* DescriptionTabViewModel.swift */,
			);
			path = EquationScreen;
			sourceTree = "<group>";
		};
		7831032D2A196B1F006EE253 /* CalculationScreens */ = {
			isa = PBXGroup;
			children = (
				7833B82B2C0522B400F27B33 /* ApparentPowerVoltageCurrent */,
				78D07F532BFFF2CB0078DD8A /* Impedance */,
				7896CFCA2AF81C7B00B40370 /* AntennaGain */,
				78B3C6E92A5F5D93003F0FB6 /* VoltagePowerResistance */,
				78B3C6E42A5E7BC6003F0FB6 /* PowerCurrentResistance */,
				78A43CC02A1EA82700293045 /* PowerVoltageCurrent */,
				78A43CBF2A1EA81800293045 /* ResistanceCurrentVoltage */,
			);
			path = CalculationScreens;
			sourceTree = "<group>";
		};
		7833B82B2C0522B400F27B33 /* ApparentPowerVoltageCurrent */ = {
			isa = PBXGroup;
			children = (
				7833B8302C05230900F27B33 /* ApparentPowerVoltageCurrentViewModel.swift */,
				7833B82C2C0522CE00F27B33 /* ApparentPowerCurrentVoltageScreen.swift */,
			);
			path = ApparentPowerVoltageCurrent;
			sourceTree = "<group>";
		};
		785B3C812A6A5784000C3529 /* Frameworks */ = {
			isa = PBXGroup;
			children = (
				785B3C822A6A5784000C3529 /* StoreKit.framework */,
			);
			name = Frameworks;
			sourceTree = "<group>";
		};
		789521602C05F6C60059F64A /* RadioEquationsData */ = {
			isa = PBXGroup;
			children = (
				7896CFC32AF767A100B40370 /* Extensions */,
				789521892C05FA3F0059F64A /* Utils */,
				789521882C05F9DE0059F64A /* Protocols */,
				789521872C05F9C20059F64A /* Enums */,
				789521862C05F9A40059F64A /* EquationData */,
				789521832C05F7420059F64A /* Models */,
				789521612C05F6C60059F64A /* RadioEquationsData.h */,
			);
			path = RadioEquationsData;
			sourceTree = "<group>";
		};
		7895216C2C05F6C60059F64A /* RadioEquationsDataTests */ = {
			isa = PBXGroup;
			children = (
				7896CFC62AF7DDBF00B40370 /* RoundingTests.swift */,
				7896CFD22AF8949E00B40370 /* AntennaGainUtilsTestSuite.swift */,
				78D07F572C017C340078DD8A /* ImpedanceUtilsTests.swift */,
				7895216D2C05F6C60059F64A /* RadioEquationsDataTests.swift */,
			);
			path = RadioEquationsDataTests;
			sourceTree = "<group>";
		};
		789521832C05F7420059F64A /* Models */ = {
			isa = PBXGroup;
			children = (
				1B93B30864EC4E50C2DB00FC /* Equation.swift */,
				789521842C05F7620059F64A /* EquationTableSectionModel.swift */,
			);
			path = Models;
			sourceTree = "<group>";
		};
		789521862C05F9A40059F64A /* EquationData */ = {
			isa = PBXGroup;
			children = (
				789521812C05F7130059F64A /* EquationDescriptionStrings.swift */,
				783103292A17EC9E006EE253 /* EquationList.swift */,
			);
			path = EquationData;
			sourceTree = "<group>";
		};
		789521872C05F9C20059F64A /* Enums */ = {
			isa = PBXGroup;
			children = (
				783103302A1970E5006EE253 /* EquationId.swift */,
				785B3C882A6CCDDA000C3529 /* EquationFilterVariant.swift */,
			);
			path = Enums;
			sourceTree = "<group>";
		};
		789521882C05F9DE0059F64A /* Protocols */ = {
			isa = PBXGroup;
			children = (
				7895217B2C05F6E00059F64A /* CalculationUtilsProtocol.swift */,
			);
			path = Protocols;
			sourceTree = "<group>";
		};
		789521892C05FA3F0059F64A /* Utils */ = {
			isa = PBXGroup;
			children = (
				7896CFCF2AF8935000B40370 /* AntennaGainUtils.swift */,
				78D07F512BFFF2CB0078DD8A /* ImpedanceUtils.swift */,
				7833B82E2C0522F000F27B33 /* ApparentPowerCurrentVoltageUtils.swift */,
			);
			path = Utils;
			sourceTree = "<group>";
		};
		7896CFC32AF767A100B40370 /* Extensions */ = {
			isa = PBXGroup;
			children = (
				7896CFC42AF767B000B40370 /* Double.swift */,
			);
			path = Extensions;
			sourceTree = "<group>";
		};
		7896CFCA2AF81C7B00B40370 /* AntennaGain */ = {
			isa = PBXGroup;
			children = (
				7896CFCB2AF81CA000B40370 /* AntennaGainScreen.swift */,
				7896CFCD2AF81CAD00B40370 /* AntennaGainViewModel.swift */,
			);
			path = AntennaGain;
			sourceTree = "<group>";
		};
		78A43CBF2A1EA81800293045 /* ResistanceCurrentVoltage */ = {
			isa = PBXGroup;
			children = (
				7831032E2A196B44006EE253 /* ResistanceCurrentVoltageScreen.swift */,
				789FD7C32A1B9D56001E2DB8 /* ResistanceCurrentVoltageViewModel.swift */,
			);
			path = ResistanceCurrentVoltage;
			sourceTree = "<group>";
		};
		78A43CC02A1EA82700293045 /* PowerVoltageCurrent */ = {
			isa = PBXGroup;
			children = (
				78A43CC12A1EA88800293045 /* PowerVoltageCurrentScreen.swift */,
				78A43CC32A1EA9A700293045 /* PowerVoltageCurrentViewModel.swift */,
			);
			path = PowerVoltageCurrent;
			sourceTree = "<group>";
		};
		78B3C6E42A5E7BC6003F0FB6 /* PowerCurrentResistance */ = {
			isa = PBXGroup;
			children = (
				78B3C6E72A5F55D7003F0FB6 /* PowerCurrentResistanceScreen.swift */,
				78B3C6E52A5E7C54003F0FB6 /* PowerCurrentResistanceViewModel.swift */,
			);
			path = PowerCurrentResistance;
			sourceTree = "<group>";
		};
		78B3C6E92A5F5D93003F0FB6 /* VoltagePowerResistance */ = {
			isa = PBXGroup;
			children = (
				78B3C6EC2A5FB53B003F0FB6 /* VoltagePowerResistanceScreen.swift */,
				78B3C6EA2A5FA751003F0FB6 /* VoltagePowerResistanceViewModel.swift */,
			);
			path = VoltagePowerResistance;
			sourceTree = "<group>";
		};
		78B3C6EE2A649DC8003F0FB6 /* SettingsScreen */ = {
			isa = PBXGroup;
			children = (
				78B3C6F52A65F22C003F0FB6 /* Subscreens */,
				78B3C6EF2A649DD9003F0FB6 /* SettingsScreen.swift */,
				78B3C6F12A649E4B003F0FB6 /* SettingsViewModel.swift */,
				78B3C6F32A64F365003F0FB6 /* ObfuscateSupportEmail.swift */,
			);
			path = SettingsScreen;
			sourceTree = "<group>";
		};
		78B3C6F52A65F22C003F0FB6 /* Subscreens */ = {
			isa = PBXGroup;
			children = (
				78B3C6F62A65F251003F0FB6 /* LegalScreen.swift */,
				78B3C6F82A65F2C8003F0FB6 /* LegalScreenVM.swift */,
			);
			path = Subscreens;
			sourceTree = "<group>";
		};
		78D07F532BFFF2CB0078DD8A /* Impedance */ = {
			isa = PBXGroup;
			children = (
				78D07F502BFFF2CB0078DD8A /* ImpedanceScreen.swift */,
				78D07F522BFFF2CB0078DD8A /* ImpedanceViewModel.swift */,
			);
			path = Impedance;
			sourceTree = "<group>";
		};
/* End PBXGroup section */

/* Begin PBXHeadersBuildPhase section */
		7895215A2C05F6C60059F64A /* Headers */ = {
			isa = PBXHeadersBuildPhase;
			buildActionMask = 2147483647;
			files = (
				7895216F2C05F6C60059F64A /* RadioEquationsData.h in Headers */,
			);
			runOnlyForDeploymentPostprocessing = 0;
		};
/* End PBXHeadersBuildPhase section */

/* Begin PBXNativeTarget section */
		7801EC1C2A11F671008DE671 /* RadioEquationsApp */ = {
			isa = PBXNativeTarget;
			buildConfigurationList = 7801EC472A11F672008DE671 /* Build configuration list for PBXNativeTarget "RadioEquationsApp" */;
			buildPhases = (
				7801EC192A11F671008DE671 /* Sources */,
				7801EC1A2A11F671008DE671 /* Frameworks */,
				7801EC1B2A11F671008DE671 /* Resources */,
				789521742C05F6C60059F64A /* Embed Frameworks */,
			);
			buildRules = (
			);
			dependencies = (
				789521712C05F6C60059F64A /* PBXTargetDependency */,
			);
			name = RadioEquationsApp;
			packageProductDependencies = (
				78E6B2582A13257800581D06 /* JGProgressHUD */,
				78B3C6E02A5E0848003F0FB6 /* RichTextView */,
			);
			productName = RadioEquationsApp;
			productReference = 7801EC1D2A11F671008DE671 /* RadioEquationsApp.app */;
			productType = "com.apple.product-type.application";
		};
		7801EC322A11F672008DE671 /* RadioEquationsAppTests */ = {
			isa = PBXNativeTarget;
			buildConfigurationList = 7801EC4A2A11F672008DE671 /* Build configuration list for PBXNativeTarget "RadioEquationsAppTests" */;
			buildPhases = (
				7801EC2F2A11F672008DE671 /* Sources */,
				7801EC302A11F672008DE671 /* Frameworks */,
				7801EC312A11F672008DE671 /* Resources */,
			);
			buildRules = (
			);
			dependencies = (
				7801EC352A11F672008DE671 /* PBXTargetDependency */,
			);
			name = RadioEquationsAppTests;
			productName = RadioEquationsAppTests;
			productReference = 7801EC332A11F672008DE671 /* RadioEquationsAppTests.xctest */;
			productType = "com.apple.product-type.bundle.unit-test";
		};
		7801EC3C2A11F672008DE671 /* RadioEquationsAppUITests */ = {
			isa = PBXNativeTarget;
			buildConfigurationList = 7801EC4D2A11F672008DE671 /* Build configuration list for PBXNativeTarget "RadioEquationsAppUITests" */;
			buildPhases = (
				7801EC392A11F672008DE671 /* Sources */,
				7801EC3A2A11F672008DE671 /* Frameworks */,
				7801EC3B2A11F672008DE671 /* Resources */,
			);
			buildRules = (
			);
			dependencies = (
				7801EC3F2A11F672008DE671 /* PBXTargetDependency */,
			);
			name = RadioEquationsAppUITests;
			productName = RadioEquationsAppUITests;
			productReference = 7801EC3D2A11F672008DE671 /* RadioEquationsAppUITests.xctest */;
			productType = "com.apple.product-type.bundle.ui-testing";
		};
		7895215E2C05F6C60059F64A /* RadioEquationsData */ = {
			isa = PBXNativeTarget;
			buildConfigurationList = 789521792C05F6C60059F64A /* Build configuration list for PBXNativeTarget "RadioEquationsData" */;
			buildPhases = (
				7895215A2C05F6C60059F64A /* Headers */,
				7895215B2C05F6C60059F64A /* Sources */,
				7895215C2C05F6C60059F64A /* Frameworks */,
				7895215D2C05F6C60059F64A /* Resources */,
			);
			buildRules = (
			);
			dependencies = (
			);
			name = RadioEquationsData;
			productName = RadioEquationsData;
			productReference = 7895215F2C05F6C60059F64A /* RadioEquationsData.framework */;
			productType = "com.apple.product-type.framework";
		};
		789521652C05F6C60059F64A /* RadioEquationsDataTests */ = {
			isa = PBXNativeTarget;
			buildConfigurationList = 7895217A2C05F6C60059F64A /* Build configuration list for PBXNativeTarget "RadioEquationsDataTests" */;
			buildPhases = (
				789521622C05F6C60059F64A /* Sources */,
				789521632C05F6C60059F64A /* Frameworks */,
				789521642C05F6C60059F64A /* Resources */,
			);
			buildRules = (
			);
			dependencies = (
				789521692C05F6C60059F64A /* PBXTargetDependency */,
				7895216B2C05F6C60059F64A /* PBXTargetDependency */,
			);
			name = RadioEquationsDataTests;
			productName = RadioEquationsDataTests;
			productReference = 789521662C05F6C60059F64A /* RadioEquationsDataTests.xctest */;
			productType = "com.apple.product-type.bundle.unit-test";
		};
/* End PBXNativeTarget section */

/* Begin PBXProject section */
		7801EC152A11F671008DE671 /* Project object */ = {
			isa = PBXProject;
			attributes = {
				BuildIndependentTargetsInParallel = 1;
				LastSwiftUpdateCheck = 1540;
				LastUpgradeCheck = 1430;
				TargetAttributes = {
					7801EC1C2A11F671008DE671 = {
						CreatedOnToolsVersion = 14.3;
					};
					7801EC322A11F672008DE671 = {
						CreatedOnToolsVersion = 14.3;
						TestTargetID = 7801EC1C2A11F671008DE671;
					};
					7801EC3C2A11F672008DE671 = {
						CreatedOnToolsVersion = 14.3;
						TestTargetID = 7801EC1C2A11F671008DE671;
					};
					7895215E2C05F6C60059F64A = {
						CreatedOnToolsVersion = 15.4;
						LastSwiftMigration = 1540;
					};
					789521652C05F6C60059F64A = {
						CreatedOnToolsVersion = 15.4;
						TestTargetID = 7801EC1C2A11F671008DE671;
					};
				};
			};
			buildConfigurationList = 7801EC182A11F671008DE671 /* Build configuration list for PBXProject "RadioEquationsApp" */;
			compatibilityVersion = "Xcode 14.0";
			developmentRegion = en;
			hasScannedForEncodings = 0;
			knownRegions = (
				en,
				Base,
			);
			mainGroup = 7801EC142A11F671008DE671;
			packageReferences = (
				78E6B2572A13257800581D06 /* XCRemoteSwiftPackageReference "JGProgressHUD" */,
				78B3C6DF2A5E0848003F0FB6 /* XCRemoteSwiftPackageReference "RichTextView" */,
			);
			productRefGroup = 7801EC1E2A11F671008DE671 /* Products */;
			projectDirPath = "";
			projectRoot = "";
			targets = (
				7801EC1C2A11F671008DE671 /* RadioEquationsApp */,
				7801EC322A11F672008DE671 /* RadioEquationsAppTests */,
				7801EC3C2A11F672008DE671 /* RadioEquationsAppUITests */,
				7895215E2C05F6C60059F64A /* RadioEquationsData */,
				789521652C05F6C60059F64A /* RadioEquationsDataTests */,
			);
		};
/* End PBXProject section */

/* Begin PBXResourcesBuildPhase section */
		7801EC1B2A11F671008DE671 /* Resources */ = {
			isa = PBXResourcesBuildPhase;
			buildActionMask = 2147483647;
			files = (
				7801EC2D2A11F672008DE671 /* LaunchScreen.storyboard in Resources */,
				7801EC2A2A11F672008DE671 /* Assets.xcassets in Resources */,
				785B3C852A6A57C3000C3529 /* RadioEquations.storekit in Resources */,
				7801EC282A11F671008DE671 /* Main.storyboard in Resources */,
			);
			runOnlyForDeploymentPostprocessing = 0;
		};
		7801EC312A11F672008DE671 /* Resources */ = {
			isa = PBXResourcesBuildPhase;
			buildActionMask = 2147483647;
			files = (
			);
			runOnlyForDeploymentPostprocessing = 0;
		};
		7801EC3B2A11F672008DE671 /* Resources */ = {
			isa = PBXResourcesBuildPhase;
			buildActionMask = 2147483647;
			files = (
			);
			runOnlyForDeploymentPostprocessing = 0;
		};
		7895215D2C05F6C60059F64A /* Resources */ = {
			isa = PBXResourcesBuildPhase;
			buildActionMask = 2147483647;
			files = (
			);
			runOnlyForDeploymentPostprocessing = 0;
		};
		789521642C05F6C60059F64A /* Resources */ = {
			isa = PBXResourcesBuildPhase;
			buildActionMask = 2147483647;
			files = (
			);
			runOnlyForDeploymentPostprocessing = 0;
		};
/* End PBXResourcesBuildPhase section */

/* Begin PBXSourcesBuildPhase section */
		7801EC192A11F671008DE671 /* Sources */ = {
			isa = PBXSourcesBuildPhase;
			buildActionMask = 2147483647;
			files = (
				785B3C802A67416E000C3529 /* UIColor.extensions.swift in Sources */,
				78B3C6EB2A5FA751003F0FB6 /* VoltagePowerResistanceViewModel.swift in Sources */,
				7831032F2A196B44006EE253 /* ResistanceCurrentVoltageScreen.swift in Sources */,
				7801EC252A11F671008DE671 /* ViewController.swift in Sources */,
				78B3C6ED2A5FB53B003F0FB6 /* VoltagePowerResistanceScreen.swift in Sources */,
				7801EC212A11F671008DE671 /* AppDelegate.swift in Sources */,
				78A43CC22A1EA88800293045 /* PowerVoltageCurrentScreen.swift in Sources */,
				783103282A17E9B8006EE253 /* EquationScreenTabBarViewModel.swift in Sources */,
				78A43CC42A1EA9A700293045 /* PowerVoltageCurrentViewModel.swift in Sources */,
				7833B82D2C0522CE00F27B33 /* ApparentPowerCurrentVoltageScreen.swift in Sources */,
				783103242A15D39D006EE253 /* DescriptionTab.swift in Sources */,
				7896CFCE2AF81CAD00B40370 /* AntennaGainViewModel.swift in Sources */,
				7801EC232A11F671008DE671 /* SceneDelegate.swift in Sources */,
				78D07F562BFFF2CB0078DD8A /* ImpedanceViewModel.swift in Sources */,
				78B3C6E62A5E7C54003F0FB6 /* PowerCurrentResistanceViewModel.swift in Sources */,
				789FD7C42A1B9D56001E2DB8 /* ResistanceCurrentVoltageViewModel.swift in Sources */,
				783103262A15D3C0006EE253 /* EquationTab.swift in Sources */,
				1B93B903FA4AFCAC0064DACA /* Extensions.swift in Sources */,
				1B93B385364D75D7AB95B4BE /* InputTextView.swift in Sources */,
				78B3C6F22A649E4B003F0FB6 /* SettingsViewModel.swift in Sources */,
				1B93BCFC5F388BA92C30F708 /* FieldValidInvalidProtocol.swift in Sources */,
				78A43CC82A20DFF600293045 /* CalculationTextField.swift in Sources */,
				78A43CC62A1EBFEE00293045 /* PowerVoltageCurrentFieldTag.swift in Sources */,
				783103222A152BDA006EE253 /* EquationScreenTabBar.swift in Sources */,
				78B3C6F42A64F365003F0FB6 /* ObfuscateSupportEmail.swift in Sources */,
				785B3C872A6B3AAD000C3529 /* StoreKit.swift in Sources */,
				1B93B46466E160C3B17C6FFF /* HomeScreenEquationCell.swift in Sources */,
				7896CFCC2AF81CA000B40370 /* AntennaGainScreen.swift in Sources */,
				1B93B5C7072429215CD47FE7 /* HomeScreenEquationCellViewModel.swift in Sources */,
				78B3C6F92A65F2C8003F0FB6 /* LegalScreenVM.swift in Sources */,
				78B3C6E82A5F55D7003F0FB6 /* PowerCurrentResistanceScreen.swift in Sources */,
				78B3C6F72A65F251003F0FB6 /* LegalScreen.swift in Sources */,
				78D07F542BFFF2CB0078DD8A /* ImpedanceScreen.swift in Sources */,
				7831032C2A1966A1006EE253 /* DescriptionTabViewModel.swift in Sources */,
				78B3C6F02A649DD9003F0FB6 /* SettingsScreen.swift in Sources */,
				7833B8312C05230900F27B33 /* ApparentPowerVoltageCurrentViewModel.swift in Sources */,
				78A43CCA2A244EFC00293045 /* CalculationFieldStackView.swift in Sources */,
			);
			runOnlyForDeploymentPostprocessing = 0;
		};
		7801EC2F2A11F672008DE671 /* Sources */ = {
			isa = PBXSourcesBuildPhase;
			buildActionMask = 2147483647;
			files = (
				7801EC382A11F672008DE671 /* RadioEquationsAppTests.swift in Sources */,
			);
			runOnlyForDeploymentPostprocessing = 0;
		};
		7801EC392A11F672008DE671 /* Sources */ = {
			isa = PBXSourcesBuildPhase;
			buildActionMask = 2147483647;
			files = (
				7801EC442A11F672008DE671 /* RadioEquationsAppUITestsLaunchTests.swift in Sources */,
				7801EC422A11F672008DE671 /* RadioEquationsAppUITests.swift in Sources */,
			);
			runOnlyForDeploymentPostprocessing = 0;
		};
		7895215B2C05F6C60059F64A /* Sources */ = {
			isa = PBXSourcesBuildPhase;
			buildActionMask = 2147483647;
			files = (
				7895217D2C05F6FF0059F64A /* EquationId.swift in Sources */,
				7895217C2C05F6E00059F64A /* CalculationUtilsProtocol.swift in Sources */,
				789521822C05F7130059F64A /* EquationDescriptionStrings.swift in Sources */,
				789521942C0622560059F64A /* ImpedanceUtils.swift in Sources */,
				7895217E2C05F6FF0059F64A /* Equation.swift in Sources */,
				789521802C05F6FF0059F64A /* EquationList.swift in Sources */,
				7895217F2C05F6FF0059F64A /* EquationFilterVariant.swift in Sources */,
				789521932C0622510059F64A /* AntennaGainUtils.swift in Sources */,
				789521852C05F7620059F64A /* EquationTableSectionModel.swift in Sources */,
				789521962C06225E0059F64A /* Double.swift in Sources */,
				789521952C0622590059F64A /* ApparentPowerCurrentVoltageUtils.swift in Sources */,
			);
			runOnlyForDeploymentPostprocessing = 0;
		};
		789521622C05F6C60059F64A /* Sources */ = {
			isa = PBXSourcesBuildPhase;
			buildActionMask = 2147483647;
			files = (
				7895218A2C05FAAC0059F64A /* ImpedanceUtilsTests.swift in Sources */,
				7895218B2C05FAAC0059F64A /* AntennaGainUtilsTestSuite.swift in Sources */,
				7895216E2C05F6C60059F64A /* RadioEquationsDataTests.swift in Sources */,
				7895218C2C05FAAC0059F64A /* RoundingTests.swift in Sources */,
			);
			runOnlyForDeploymentPostprocessing = 0;
		};
/* End PBXSourcesBuildPhase section */

/* Begin PBXTargetDependency section */
		7801EC352A11F672008DE671 /* PBXTargetDependency */ = {
			isa = PBXTargetDependency;
			target = 7801EC1C2A11F671008DE671 /* RadioEquationsApp */;
			targetProxy = 7801EC342A11F672008DE671 /* PBXContainerItemProxy */;
		};
		7801EC3F2A11F672008DE671 /* PBXTargetDependency */ = {
			isa = PBXTargetDependency;
			target = 7801EC1C2A11F671008DE671 /* RadioEquationsApp */;
			targetProxy = 7801EC3E2A11F672008DE671 /* PBXContainerItemProxy */;
		};
		789521692C05F6C60059F64A /* PBXTargetDependency */ = {
			isa = PBXTargetDependency;
			target = 7895215E2C05F6C60059F64A /* RadioEquationsData */;
			targetProxy = 789521682C05F6C60059F64A /* PBXContainerItemProxy */;
		};
		7895216B2C05F6C60059F64A /* PBXTargetDependency */ = {
			isa = PBXTargetDependency;
			target = 7801EC1C2A11F671008DE671 /* RadioEquationsApp */;
			targetProxy = 7895216A2C05F6C60059F64A /* PBXContainerItemProxy */;
		};
		789521712C05F6C60059F64A /* PBXTargetDependency */ = {
			isa = PBXTargetDependency;
			target = 7895215E2C05F6C60059F64A /* RadioEquationsData */;
			targetProxy = 789521702C05F6C60059F64A /* PBXContainerItemProxy */;
		};
/* End PBXTargetDependency section */

/* Begin PBXVariantGroup section */
		7801EC262A11F671008DE671 /* Main.storyboard */ = {
			isa = PBXVariantGroup;
			children = (
				7801EC272A11F671008DE671 /* Base */,
			);
			name = Main.storyboard;
			sourceTree = "<group>";
		};
		7801EC2B2A11F672008DE671 /* LaunchScreen.storyboard */ = {
			isa = PBXVariantGroup;
			children = (
				7801EC2C2A11F672008DE671 /* Base */,
			);
			name = LaunchScreen.storyboard;
			sourceTree = "<group>";
		};
/* End PBXVariantGroup section */

/* Begin XCBuildConfiguration section */
		7801EC452A11F672008DE671 /* Debug */ = {
			isa = XCBuildConfiguration;
			buildSettings = {
				ALWAYS_SEARCH_USER_PATHS = NO;
				CLANG_ANALYZER_NONNULL = YES;
				CLANG_ANALYZER_NUMBER_OBJECT_CONVERSION = YES_AGGRESSIVE;
				CLANG_CXX_LANGUAGE_STANDARD = "gnu++20";
				CLANG_ENABLE_MODULES = YES;
				CLANG_ENABLE_OBJC_ARC = YES;
				CLANG_ENABLE_OBJC_WEAK = YES;
				CLANG_WARN_BLOCK_CAPTURE_AUTORELEASING = YES;
				CLANG_WARN_BOOL_CONVERSION = YES;
				CLANG_WARN_COMMA = YES;
				CLANG_WARN_CONSTANT_CONVERSION = YES;
				CLANG_WARN_DEPRECATED_OBJC_IMPLEMENTATIONS = YES;
				CLANG_WARN_DIRECT_OBJC_ISA_USAGE = YES_ERROR;
				CLANG_WARN_DOCUMENTATION_COMMENTS = YES;
				CLANG_WARN_EMPTY_BODY = YES;
				CLANG_WARN_ENUM_CONVERSION = YES;
				CLANG_WARN_INFINITE_RECURSION = YES;
				CLANG_WARN_INT_CONVERSION = YES;
				CLANG_WARN_NON_LITERAL_NULL_CONVERSION = YES;
				CLANG_WARN_OBJC_IMPLICIT_RETAIN_SELF = YES;
				CLANG_WARN_OBJC_LITERAL_CONVERSION = YES;
				CLANG_WARN_OBJC_ROOT_CLASS = YES_ERROR;
				CLANG_WARN_QUOTED_INCLUDE_IN_FRAMEWORK_HEADER = YES;
				CLANG_WARN_RANGE_LOOP_ANALYSIS = YES;
				CLANG_WARN_STRICT_PROTOTYPES = YES;
				CLANG_WARN_SUSPICIOUS_MOVE = YES;
				CLANG_WARN_UNGUARDED_AVAILABILITY = YES_AGGRESSIVE;
				CLANG_WARN_UNREACHABLE_CODE = YES;
				CLANG_WARN__DUPLICATE_METHOD_MATCH = YES;
				COPY_PHASE_STRIP = NO;
				DEBUG_INFORMATION_FORMAT = dwarf;
				ENABLE_STRICT_OBJC_MSGSEND = YES;
				ENABLE_TESTABILITY = YES;
				GCC_C_LANGUAGE_STANDARD = gnu11;
				GCC_DYNAMIC_NO_PIC = NO;
				GCC_NO_COMMON_BLOCKS = YES;
				GCC_OPTIMIZATION_LEVEL = 0;
				GCC_PREPROCESSOR_DEFINITIONS = (
					"DEBUG=1",
					"$(inherited)",
				);
				GCC_WARN_64_TO_32_BIT_CONVERSION = YES;
				GCC_WARN_ABOUT_RETURN_TYPE = YES_ERROR;
				GCC_WARN_UNDECLARED_SELECTOR = YES;
				GCC_WARN_UNINITIALIZED_AUTOS = YES_AGGRESSIVE;
				GCC_WARN_UNUSED_FUNCTION = YES;
				GCC_WARN_UNUSED_VARIABLE = YES;
				IPHONEOS_DEPLOYMENT_TARGET = 16.4;
				MTL_ENABLE_DEBUG_INFO = INCLUDE_SOURCE;
				MTL_FAST_MATH = YES;
				ONLY_ACTIVE_ARCH = YES;
				SDKROOT = iphoneos;
				SWIFT_ACTIVE_COMPILATION_CONDITIONS = DEBUG;
				SWIFT_OPTIMIZATION_LEVEL = "-Onone";
			};
			name = Debug;
		};
		7801EC462A11F672008DE671 /* Release */ = {
			isa = XCBuildConfiguration;
			buildSettings = {
				ALWAYS_SEARCH_USER_PATHS = NO;
				CLANG_ANALYZER_NONNULL = YES;
				CLANG_ANALYZER_NUMBER_OBJECT_CONVERSION = YES_AGGRESSIVE;
				CLANG_CXX_LANGUAGE_STANDARD = "gnu++20";
				CLANG_ENABLE_MODULES = YES;
				CLANG_ENABLE_OBJC_ARC = YES;
				CLANG_ENABLE_OBJC_WEAK = YES;
				CLANG_WARN_BLOCK_CAPTURE_AUTORELEASING = YES;
				CLANG_WARN_BOOL_CONVERSION = YES;
				CLANG_WARN_COMMA = YES;
				CLANG_WARN_CONSTANT_CONVERSION = YES;
				CLANG_WARN_DEPRECATED_OBJC_IMPLEMENTATIONS = YES;
				CLANG_WARN_DIRECT_OBJC_ISA_USAGE = YES_ERROR;
				CLANG_WARN_DOCUMENTATION_COMMENTS = YES;
				CLANG_WARN_EMPTY_BODY = YES;
				CLANG_WARN_ENUM_CONVERSION = YES;
				CLANG_WARN_INFINITE_RECURSION = YES;
				CLANG_WARN_INT_CONVERSION = YES;
				CLANG_WARN_NON_LITERAL_NULL_CONVERSION = YES;
				CLANG_WARN_OBJC_IMPLICIT_RETAIN_SELF = YES;
				CLANG_WARN_OBJC_LITERAL_CONVERSION = YES;
				CLANG_WARN_OBJC_ROOT_CLASS = YES_ERROR;
				CLANG_WARN_QUOTED_INCLUDE_IN_FRAMEWORK_HEADER = YES;
				CLANG_WARN_RANGE_LOOP_ANALYSIS = YES;
				CLANG_WARN_STRICT_PROTOTYPES = YES;
				CLANG_WARN_SUSPICIOUS_MOVE = YES;
				CLANG_WARN_UNGUARDED_AVAILABILITY = YES_AGGRESSIVE;
				CLANG_WARN_UNREACHABLE_CODE = YES;
				CLANG_WARN__DUPLICATE_METHOD_MATCH = YES;
				COPY_PHASE_STRIP = NO;
				DEBUG_INFORMATION_FORMAT = "dwarf-with-dsym";
				ENABLE_NS_ASSERTIONS = NO;
				ENABLE_STRICT_OBJC_MSGSEND = YES;
				GCC_C_LANGUAGE_STANDARD = gnu11;
				GCC_NO_COMMON_BLOCKS = YES;
				GCC_WARN_64_TO_32_BIT_CONVERSION = YES;
				GCC_WARN_ABOUT_RETURN_TYPE = YES_ERROR;
				GCC_WARN_UNDECLARED_SELECTOR = YES;
				GCC_WARN_UNINITIALIZED_AUTOS = YES_AGGRESSIVE;
				GCC_WARN_UNUSED_FUNCTION = YES;
				GCC_WARN_UNUSED_VARIABLE = YES;
				IPHONEOS_DEPLOYMENT_TARGET = 16.4;
				MTL_ENABLE_DEBUG_INFO = NO;
				MTL_FAST_MATH = YES;
				SDKROOT = iphoneos;
				SWIFT_COMPILATION_MODE = wholemodule;
				SWIFT_OPTIMIZATION_LEVEL = "-O";
				VALIDATE_PRODUCT = YES;
			};
			name = Release;
		};
		7801EC482A11F672008DE671 /* Debug */ = {
			isa = XCBuildConfiguration;
			buildSettings = {
				ALWAYS_EMBED_SWIFT_STANDARD_LIBRARIES = YES;
				ASSETCATALOG_COMPILER_APPICON_NAME = AppIcon;
				ASSETCATALOG_COMPILER_GLOBAL_ACCENT_COLOR_NAME = AccentColor;
				CODE_SIGN_STYLE = Automatic;
				CURRENT_PROJECT_VERSION = 1;
				DEVELOPMENT_TEAM = 4QGR522B9M;
				GENERATE_INFOPLIST_FILE = YES;
				INFOPLIST_FILE = RadioEquationsApp/Info.plist;
				INFOPLIST_KEY_UIApplicationSupportsIndirectInputEvents = YES;
				INFOPLIST_KEY_UILaunchStoryboardName = LaunchScreen;
				INFOPLIST_KEY_UIMainStoryboardFile = Main;
				INFOPLIST_KEY_UISupportedInterfaceOrientations_iPad = "UIInterfaceOrientationPortrait UIInterfaceOrientationPortraitUpsideDown UIInterfaceOrientationLandscapeLeft UIInterfaceOrientationLandscapeRight";
				INFOPLIST_KEY_UISupportedInterfaceOrientations_iPhone = "UIInterfaceOrientationPortrait UIInterfaceOrientationLandscapeLeft UIInterfaceOrientationLandscapeRight";
				LD_RUNPATH_SEARCH_PATHS = (
					"$(inherited)",
					"@executable_path/Frameworks",
				);
				MARKETING_VERSION = 1.3.1;
				PRODUCT_BUNDLE_IDENTIFIER = rjs.app.dev.RadioEquationsApp;
				PRODUCT_NAME = "$(TARGET_NAME)";
				SWIFT_EMIT_LOC_STRINGS = YES;
				SWIFT_VERSION = 5.0;
				TARGETED_DEVICE_FAMILY = "1,2";
			};
			name = Debug;
		};
		7801EC492A11F672008DE671 /* Release */ = {
			isa = XCBuildConfiguration;
			buildSettings = {
				ALWAYS_EMBED_SWIFT_STANDARD_LIBRARIES = YES;
				ASSETCATALOG_COMPILER_APPICON_NAME = AppIcon;
				ASSETCATALOG_COMPILER_GLOBAL_ACCENT_COLOR_NAME = AccentColor;
				CODE_SIGN_STYLE = Automatic;
				CURRENT_PROJECT_VERSION = 1;
				DEVELOPMENT_TEAM = 4QGR522B9M;
				GENERATE_INFOPLIST_FILE = YES;
				INFOPLIST_FILE = RadioEquationsApp/Info.plist;
				INFOPLIST_KEY_UIApplicationSupportsIndirectInputEvents = YES;
				INFOPLIST_KEY_UILaunchStoryboardName = LaunchScreen;
				INFOPLIST_KEY_UIMainStoryboardFile = Main;
				INFOPLIST_KEY_UISupportedInterfaceOrientations_iPad = "UIInterfaceOrientationPortrait UIInterfaceOrientationPortraitUpsideDown UIInterfaceOrientationLandscapeLeft UIInterfaceOrientationLandscapeRight";
				INFOPLIST_KEY_UISupportedInterfaceOrientations_iPhone = "UIInterfaceOrientationPortrait UIInterfaceOrientationLandscapeLeft UIInterfaceOrientationLandscapeRight";
				LD_RUNPATH_SEARCH_PATHS = (
					"$(inherited)",
					"@executable_path/Frameworks",
				);
				MARKETING_VERSION = 1.3.1;
				PRODUCT_BUNDLE_IDENTIFIER = rjs.app.dev.RadioEquationsApp;
				PRODUCT_NAME = "$(TARGET_NAME)";
				SWIFT_EMIT_LOC_STRINGS = YES;
				SWIFT_VERSION = 5.0;
				TARGETED_DEVICE_FAMILY = "1,2";
			};
			name = Release;
		};
		7801EC4B2A11F672008DE671 /* Debug */ = {
			isa = XCBuildConfiguration;
			buildSettings = {
				ALWAYS_EMBED_SWIFT_STANDARD_LIBRARIES = YES;
				BUNDLE_LOADER = "$(TEST_HOST)";
				CODE_SIGN_STYLE = Automatic;
				CURRENT_PROJECT_VERSION = 1;
				DEVELOPMENT_TEAM = 4QGR522B9M;
				GENERATE_INFOPLIST_FILE = YES;
				IPHONEOS_DEPLOYMENT_TARGET = 16.4;
				MARKETING_VERSION = 1.0;
				PRODUCT_BUNDLE_IDENTIFIER = rjs.app.dev.RadioEquationsAppTests;
				PRODUCT_NAME = "$(TARGET_NAME)";
				SWIFT_EMIT_LOC_STRINGS = NO;
				SWIFT_VERSION = 5.0;
				TARGETED_DEVICE_FAMILY = "1,2";
				TEST_HOST = "$(BUILT_PRODUCTS_DIR)/RadioEquationsApp.app/$(BUNDLE_EXECUTABLE_FOLDER_PATH)/RadioEquationsApp";
			};
			name = Debug;
		};
		7801EC4C2A11F672008DE671 /* Release */ = {
			isa = XCBuildConfiguration;
			buildSettings = {
				ALWAYS_EMBED_SWIFT_STANDARD_LIBRARIES = YES;
				BUNDLE_LOADER = "$(TEST_HOST)";
				CODE_SIGN_STYLE = Automatic;
				CURRENT_PROJECT_VERSION = 1;
				DEVELOPMENT_TEAM = 4QGR522B9M;
				GENERATE_INFOPLIST_FILE = YES;
				IPHONEOS_DEPLOYMENT_TARGET = 16.4;
				MARKETING_VERSION = 1.0;
				PRODUCT_BUNDLE_IDENTIFIER = rjs.app.dev.RadioEquationsAppTests;
				PRODUCT_NAME = "$(TARGET_NAME)";
				SWIFT_EMIT_LOC_STRINGS = NO;
				SWIFT_VERSION = 5.0;
				TARGETED_DEVICE_FAMILY = "1,2";
				TEST_HOST = "$(BUILT_PRODUCTS_DIR)/RadioEquationsApp.app/$(BUNDLE_EXECUTABLE_FOLDER_PATH)/RadioEquationsApp";
			};
			name = Release;
		};
		7801EC4E2A11F672008DE671 /* Debug */ = {
			isa = XCBuildConfiguration;
			buildSettings = {
				ALWAYS_EMBED_SWIFT_STANDARD_LIBRARIES = YES;
				CODE_SIGN_STYLE = Automatic;
				CURRENT_PROJECT_VERSION = 1;
				DEVELOPMENT_TEAM = 4QGR522B9M;
				GENERATE_INFOPLIST_FILE = YES;
				MARKETING_VERSION = 1.0;
				PRODUCT_BUNDLE_IDENTIFIER = rjs.app.dev.RadioEquationsAppUITests;
				PRODUCT_NAME = "$(TARGET_NAME)";
				SWIFT_EMIT_LOC_STRINGS = NO;
				SWIFT_VERSION = 5.0;
				TARGETED_DEVICE_FAMILY = "1,2";
				TEST_TARGET_NAME = RadioEquationsApp;
			};
			name = Debug;
		};
		7801EC4F2A11F672008DE671 /* Release */ = {
			isa = XCBuildConfiguration;
			buildSettings = {
				ALWAYS_EMBED_SWIFT_STANDARD_LIBRARIES = YES;
				CODE_SIGN_STYLE = Automatic;
				CURRENT_PROJECT_VERSION = 1;
				DEVELOPMENT_TEAM = 4QGR522B9M;
				GENERATE_INFOPLIST_FILE = YES;
				MARKETING_VERSION = 1.0;
				PRODUCT_BUNDLE_IDENTIFIER = rjs.app.dev.RadioEquationsAppUITests;
				PRODUCT_NAME = "$(TARGET_NAME)";
				SWIFT_EMIT_LOC_STRINGS = NO;
				SWIFT_VERSION = 5.0;
				TARGETED_DEVICE_FAMILY = "1,2";
				TEST_TARGET_NAME = RadioEquationsApp;
			};
			name = Release;
		};
		789521752C05F6C60059F64A /* Debug */ = {
			isa = XCBuildConfiguration;
			buildSettings = {
				ASSETCATALOG_COMPILER_GENERATE_SWIFT_ASSET_SYMBOL_EXTENSIONS = YES;
				BUILD_LIBRARY_FOR_DISTRIBUTION = YES;
				CLANG_ENABLE_MODULES = YES;
				CODE_SIGN_STYLE = Automatic;
				CURRENT_PROJECT_VERSION = 1;
				DEFINES_MODULE = YES;
				DEVELOPMENT_TEAM = 4QGR522B9M;
				DYLIB_COMPATIBILITY_VERSION = 1;
				DYLIB_CURRENT_VERSION = 1;
				DYLIB_INSTALL_NAME_BASE = "@rpath";
				ENABLE_MODULE_VERIFIER = YES;
				ENABLE_USER_SCRIPT_SANDBOXING = YES;
				GCC_C_LANGUAGE_STANDARD = gnu17;
				GENERATE_INFOPLIST_FILE = YES;
				INFOPLIST_KEY_NSHumanReadableCopyright = "";
				INSTALL_PATH = "$(LOCAL_LIBRARY_DIR)/Frameworks";
				IPHONEOS_DEPLOYMENT_TARGET = 16.4;
				LD_RUNPATH_SEARCH_PATHS = (
					"$(inherited)",
					"@executable_path/Frameworks",
					"@loader_path/Frameworks",
				);
				LOCALIZATION_PREFERS_STRING_CATALOGS = YES;
				MARKETING_VERSION = 1.0;
				MODULE_VERIFIER_SUPPORTED_LANGUAGES = "objective-c objective-c++";
				MODULE_VERIFIER_SUPPORTED_LANGUAGE_STANDARDS = "gnu17 gnu++20";
				PRODUCT_BUNDLE_IDENTIFIER = rjs.app.dev.RadioEquationsData;
				PRODUCT_NAME = "$(TARGET_NAME:c99extidentifier)";
				SKIP_INSTALL = YES;
				SWIFT_ACTIVE_COMPILATION_CONDITIONS = "DEBUG $(inherited)";
				SWIFT_EMIT_LOC_STRINGS = YES;
				SWIFT_INSTALL_OBJC_HEADER = NO;
				SWIFT_OPTIMIZATION_LEVEL = "-Onone";
				SWIFT_VERSION = 5.0;
				TARGETED_DEVICE_FAMILY = "1,2";
				VERSIONING_SYSTEM = "apple-generic";
				VERSION_INFO_PREFIX = "";
			};
			name = Debug;
		};
		789521762C05F6C60059F64A /* Release */ = {
			isa = XCBuildConfiguration;
			buildSettings = {
				ASSETCATALOG_COMPILER_GENERATE_SWIFT_ASSET_SYMBOL_EXTENSIONS = YES;
				BUILD_LIBRARY_FOR_DISTRIBUTION = YES;
				CLANG_ENABLE_MODULES = YES;
				CODE_SIGN_STYLE = Automatic;
				CURRENT_PROJECT_VERSION = 1;
				DEFINES_MODULE = YES;
				DEVELOPMENT_TEAM = 4QGR522B9M;
				DYLIB_COMPATIBILITY_VERSION = 1;
				DYLIB_CURRENT_VERSION = 1;
				DYLIB_INSTALL_NAME_BASE = "@rpath";
				ENABLE_MODULE_VERIFIER = YES;
				ENABLE_USER_SCRIPT_SANDBOXING = YES;
				GCC_C_LANGUAGE_STANDARD = gnu17;
				GENERATE_INFOPLIST_FILE = YES;
				INFOPLIST_KEY_NSHumanReadableCopyright = "";
				INSTALL_PATH = "$(LOCAL_LIBRARY_DIR)/Frameworks";
				IPHONEOS_DEPLOYMENT_TARGET = 16.4;
				LD_RUNPATH_SEARCH_PATHS = (
					"$(inherited)",
					"@executable_path/Frameworks",
					"@loader_path/Frameworks",
				);
				LOCALIZATION_PREFERS_STRING_CATALOGS = YES;
				MARKETING_VERSION = 1.0;
				MODULE_VERIFIER_SUPPORTED_LANGUAGES = "objective-c objective-c++";
				MODULE_VERIFIER_SUPPORTED_LANGUAGE_STANDARDS = "gnu17 gnu++20";
				PRODUCT_BUNDLE_IDENTIFIER = rjs.app.dev.RadioEquationsData;
				PRODUCT_NAME = "$(TARGET_NAME:c99extidentifier)";
				SKIP_INSTALL = YES;
				SWIFT_EMIT_LOC_STRINGS = YES;
				SWIFT_INSTALL_OBJC_HEADER = NO;
				SWIFT_VERSION = 5.0;
				TARGETED_DEVICE_FAMILY = "1,2";
				VERSIONING_SYSTEM = "apple-generic";
				VERSION_INFO_PREFIX = "";
			};
			name = Release;
		};
		789521772C05F6C60059F64A /* Debug */ = {
			isa = XCBuildConfiguration;
			buildSettings = {
				ASSETCATALOG_COMPILER_GENERATE_SWIFT_ASSET_SYMBOL_EXTENSIONS = YES;
				BUNDLE_LOADER = "$(TEST_HOST)";
				CODE_SIGN_STYLE = Automatic;
				CURRENT_PROJECT_VERSION = 1;
				DEVELOPMENT_TEAM = 4QGR522B9M;
				ENABLE_USER_SCRIPT_SANDBOXING = YES;
				GCC_C_LANGUAGE_STANDARD = gnu17;
				GENERATE_INFOPLIST_FILE = YES;
				IPHONEOS_DEPLOYMENT_TARGET = 16.4;
				LOCALIZATION_PREFERS_STRING_CATALOGS = YES;
				MARKETING_VERSION = 1.0;
				PRODUCT_BUNDLE_IDENTIFIER = rjs.app.dev.RadioEquationsDataTests;
				PRODUCT_NAME = "$(TARGET_NAME)";
				SWIFT_ACTIVE_COMPILATION_CONDITIONS = "DEBUG $(inherited)";
				SWIFT_EMIT_LOC_STRINGS = NO;
				SWIFT_VERSION = 5.0;
				TARGETED_DEVICE_FAMILY = "1,2";
				TEST_HOST = "$(BUILT_PRODUCTS_DIR)/RadioEquationsApp.app/$(BUNDLE_EXECUTABLE_FOLDER_PATH)/RadioEquationsApp";
			};
			name = Debug;
		};
		789521782C05F6C60059F64A /* Release */ = {
			isa = XCBuildConfiguration;
			buildSettings = {
				ASSETCATALOG_COMPILER_GENERATE_SWIFT_ASSET_SYMBOL_EXTENSIONS = YES;
				BUNDLE_LOADER = "$(TEST_HOST)";
				CODE_SIGN_STYLE = Automatic;
				CURRENT_PROJECT_VERSION = 1;
				DEVELOPMENT_TEAM = 4QGR522B9M;
				ENABLE_USER_SCRIPT_SANDBOXING = YES;
				GCC_C_LANGUAGE_STANDARD = gnu17;
				GENERATE_INFOPLIST_FILE = YES;
				IPHONEOS_DEPLOYMENT_TARGET = 16.4;
				LOCALIZATION_PREFERS_STRING_CATALOGS = YES;
				MARKETING_VERSION = 1.0;
				PRODUCT_BUNDLE_IDENTIFIER = rjs.app.dev.RadioEquationsDataTests;
				PRODUCT_NAME = "$(TARGET_NAME)";
				SWIFT_EMIT_LOC_STRINGS = NO;
				SWIFT_VERSION = 5.0;
				TARGETED_DEVICE_FAMILY = "1,2";
				TEST_HOST = "$(BUILT_PRODUCTS_DIR)/RadioEquationsApp.app/$(BUNDLE_EXECUTABLE_FOLDER_PATH)/RadioEquationsApp";
			};
			name = Release;
		};
/* End XCBuildConfiguration section */

/* Begin XCConfigurationList section */
		7801EC182A11F671008DE671 /* Build configuration list for PBXProject "RadioEquationsApp" */ = {
			isa = XCConfigurationList;
			buildConfigurations = (
				7801EC452A11F672008DE671 /* Debug */,
				7801EC462A11F672008DE671 /* Release */,
			);
			defaultConfigurationIsVisible = 0;
			defaultConfigurationName = Release;
		};
		7801EC472A11F672008DE671 /* Build configuration list for PBXNativeTarget "RadioEquationsApp" */ = {
			isa = XCConfigurationList;
			buildConfigurations = (
				7801EC482A11F672008DE671 /* Debug */,
				7801EC492A11F672008DE671 /* Release */,
			);
			defaultConfigurationIsVisible = 0;
			defaultConfigurationName = Release;
		};
		7801EC4A2A11F672008DE671 /* Build configuration list for PBXNativeTarget "RadioEquationsAppTests" */ = {
			isa = XCConfigurationList;
			buildConfigurations = (
				7801EC4B2A11F672008DE671 /* Debug */,
				7801EC4C2A11F672008DE671 /* Release */,
			);
			defaultConfigurationIsVisible = 0;
			defaultConfigurationName = Release;
		};
		7801EC4D2A11F672008DE671 /* Build configuration list for PBXNativeTarget "RadioEquationsAppUITests" */ = {
			isa = XCConfigurationList;
			buildConfigurations = (
				7801EC4E2A11F672008DE671 /* Debug */,
				7801EC4F2A11F672008DE671 /* Release */,
			);
			defaultConfigurationIsVisible = 0;
			defaultConfigurationName = Release;
		};
		789521792C05F6C60059F64A /* Build configuration list for PBXNativeTarget "RadioEquationsData" */ = {
			isa = XCConfigurationList;
			buildConfigurations = (
				789521752C05F6C60059F64A /* Debug */,
				789521762C05F6C60059F64A /* Release */,
			);
			defaultConfigurationIsVisible = 0;
			defaultConfigurationName = Release;
		};
		7895217A2C05F6C60059F64A /* Build configuration list for PBXNativeTarget "RadioEquationsDataTests" */ = {
			isa = XCConfigurationList;
			buildConfigurations = (
				789521772C05F6C60059F64A /* Debug */,
				789521782C05F6C60059F64A /* Release */,
			);
			defaultConfigurationIsVisible = 0;
			defaultConfigurationName = Release;
		};
/* End XCConfigurationList section */

/* Begin XCRemoteSwiftPackageReference section */
		78B3C6DF2A5E0848003F0FB6 /* XCRemoteSwiftPackageReference "RichTextView" */ = {
			isa = XCRemoteSwiftPackageReference;
			repositoryURL = "https://github.com/rsarv3006/RichTextView";
			requirement = {
				branch = master;
				kind = branch;
			};
		};
		78E6B2572A13257800581D06 /* XCRemoteSwiftPackageReference "JGProgressHUD" */ = {
			isa = XCRemoteSwiftPackageReference;
			repositoryURL = "https://github.com/JonasGessner/JGProgressHUD.git";
			requirement = {
				kind = upToNextMajorVersion;
				minimumVersion = 2.0.0;
			};
		};
/* End XCRemoteSwiftPackageReference section */

/* Begin XCSwiftPackageProductDependency section */
		78B3C6E02A5E0848003F0FB6 /* RichTextView */ = {
			isa = XCSwiftPackageProductDependency;
			package = 78B3C6DF2A5E0848003F0FB6 /* XCRemoteSwiftPackageReference "RichTextView" */;
			productName = RichTextView;
		};
		78E6B2582A13257800581D06 /* JGProgressHUD */ = {
			isa = XCSwiftPackageProductDependency;
			package = 78E6B2572A13257800581D06 /* XCRemoteSwiftPackageReference "JGProgressHUD" */;
			productName = JGProgressHUD;
		};
/* End XCSwiftPackageProductDependency section */
	};
	rootObject = 7801EC152A11F671008DE671 /* Project object */;
}
